// !$*UTF8*$!
{
	archiveVersion = 1;
	classes = {
	};
	objectVersion = 50;
	objects = {

/* Begin PBXBuildFile section */
		0855BE3D2516AC7D00EEE26E /* AppDelegate.swift in Sources */ = {isa = PBXBuildFile; fileRef = 0855BE3C2516AC7D00EEE26E /* AppDelegate.swift */; };
		0855BE3F2516AC7D00EEE26E /* SceneDelegate.swift in Sources */ = {isa = PBXBuildFile; fileRef = 0855BE3E2516AC7D00EEE26E /* SceneDelegate.swift */; };
		0855BE412516AC7D00EEE26E /* ViewController.swift in Sources */ = {isa = PBXBuildFile; fileRef = 0855BE402516AC7D00EEE26E /* ViewController.swift */; };
		0855BE442516AC7D00EEE26E /* Main.storyboard in Resources */ = {isa = PBXBuildFile; fileRef = 0855BE422516AC7D00EEE26E /* Main.storyboard */; };
		0855BE462516AC8200EEE26E /* Assets.xcassets in Resources */ = {isa = PBXBuildFile; fileRef = 0855BE452516AC8200EEE26E /* Assets.xcassets */; };
		0855BE492516AC8200EEE26E /* LaunchScreen.storyboard in Resources */ = {isa = PBXBuildFile; fileRef = 0855BE472516AC8200EEE26E /* LaunchScreen.storyboard */; };
		0855BE522516E65700EEE26E /* movieDictionary.swift in Sources */ = {isa = PBXBuildFile; fileRef = 0855BE512516E65700EEE26E /* movieDictionary.swift */; };
		0855BE542516E67A00EEE26E /* movieInfo.swift in Sources */ = {isa = PBXBuildFile; fileRef = 0855BE532516E67A00EEE26E /* movieInfo.swift */; };
/* End PBXBuildFile section */

/* Begin PBXFileReference section */
		0855BE392516AC7D00EEE26E /* Lab3.app */ = {isa = PBXFileReference; explicitFileType = wrapper.application; includeInIndex = 0; path = Lab3.app; sourceTree = BUILT_PRODUCTS_DIR; };
		0855BE3C2516AC7D00EEE26E /* AppDelegate.swift */ = {isa = PBXFileReference; lastKnownFileType = sourcecode.swift; path = AppDelegate.swift; sourceTree = "<group>"; };
		0855BE3E2516AC7D00EEE26E /* SceneDelegate.swift */ = {isa = PBXFileReference; lastKnownFileType = sourcecode.swift; path = SceneDelegate.swift; sourceTree = "<group>"; };
		0855BE402516AC7D00EEE26E /* ViewController.swift */ = {isa = PBXFileReference; lastKnownFileType = sourcecode.swift; path = ViewController.swift; sourceTree = "<group>"; };
		0855BE432516AC7D00EEE26E /* Base */ = {isa = PBXFileReference; lastKnownFileType = file.storyboard; name = Base; path = Base.lproj/Main.storyboard; sourceTree = "<group>"; };
		0855BE452516AC8200EEE26E /* Assets.xcassets */ = {isa = PBXFileReference; lastKnownFileType = folder.assetcatalog; path = Assets.xcassets; sourceTree = "<group>"; };
		0855BE482516AC8200EEE26E /* Base */ = {isa = PBXFileReference; lastKnownFileType = file.storyboard; name = Base; path = Base.lproj/LaunchScreen.storyboard; sourceTree = "<group>"; };
		0855BE4A2516AC8200EEE26E /* Info.plist */ = {isa = PBXFileReference; lastKnownFileType = text.plist.xml; path = Info.plist; sourceTree = "<group>"; };
		0855BE512516E65700EEE26E /* movieDictionary.swift */ = {isa = PBXFileReference; lastKnownFileType = sourcecode.swift; path = movieDictionary.swift; sourceTree = "<group>"; };
		0855BE532516E67A00EEE26E /* movieInfo.swift */ = {isa = PBXFileReference; lastKnownFileType = sourcecode.swift; path = movieInfo.swift; sourceTree = "<group>"; };
/* End PBXFileReference section */

/* Begin PBXFrameworksBuildPhase section */
		0855BE362516AC7D00EEE26E /* Frameworks */ = {
			isa = PBXFrameworksBuildPhase;
			buildActionMask = 2147483647;
			files = (
			);
			runOnlyForDeploymentPostprocessing = 0;
		};
/* End PBXFrameworksBuildPhase section */

/* Begin PBXGroup section */
		0855BE302516AC7D00EEE26E = {
			isa = PBXGroup;
			children = (
				0855BE502516E61800EEE26E /* Model */,
				0855BE3B2516AC7D00EEE26E /* Lab3 */,
				0855BE3A2516AC7D00EEE26E /* Products */,
			);
			sourceTree = "<group>";
		};
		0855BE3A2516AC7D00EEE26E /* Products */ = {
			isa = PBXGroup;
			children = (
				0855BE392516AC7D00EEE26E /* Lab3.app */,
			);
			name = Products;
			sourceTree = "<group>";
		};
		0855BE3B2516AC7D00EEE26E /* Lab3 */ = {
			isa = PBXGroup;
			children = (
				0855BE3C2516AC7D00EEE26E /* AppDelegate.swift */,
				0855BE3E2516AC7D00EEE26E /* SceneDelegate.swift */,
				0855BE402516AC7D00EEE26E /* ViewController.swift */,
				0855BE422516AC7D00EEE26E /* Main.storyboard */,
				0855BE452516AC8200EEE26E /* Assets.xcassets */,
				0855BE472516AC8200EEE26E /* LaunchScreen.storyboard */,
				0855BE4A2516AC8200EEE26E /* Info.plist */,
			);
			path = Lab3;
			sourceTree = "<group>";
		};
		0855BE502516E61800EEE26E /* Model */ = {
			isa = PBXGroup;
			children = (
				0855BE512516E65700EEE26E /* movieDictionary.swift */,
				0855BE532516E67A00EEE26E /* movieInfo.swift */,
			);
			path = Model;
			sourceTree = "<group>";
		};
/* End PBXGroup section */

/* Begin PBXNativeTarget section */
		0855BE382516AC7D00EEE26E /* Lab3 */ = {
			isa = PBXNativeTarget;
			buildConfigurationList = 0855BE4D2516AC8200EEE26E /* Build configuration list for PBXNativeTarget "Lab3" */;
			buildPhases = (
				0855BE352516AC7D00EEE26E /* Sources */,
				0855BE362516AC7D00EEE26E /* Frameworks */,
				0855BE372516AC7D00EEE26E /* Resources */,
			);
			buildRules = (
			);
			dependencies = (
			);
			name = Lab3;
			productName = Lab3;
			productReference = 0855BE392516AC7D00EEE26E /* Lab3.app */;
			productType = "com.apple.product-type.application";
		};
/* End PBXNativeTarget section */

/* Begin PBXProject section */
		0855BE312516AC7D00EEE26E /* Project object */ = {
			isa = PBXProject;
			attributes = {
				LastSwiftUpdateCheck = 1160;
				LastUpgradeCheck = 1160;
				ORGANIZATIONNAME = "Kumal Patel";
				TargetAttributes = {
					0855BE382516AC7D00EEE26E = {
						CreatedOnToolsVersion = 11.6;
					};
				};
			};
			buildConfigurationList = 0855BE342516AC7D00EEE26E /* Build configuration list for PBXProject "Lab3" */;
			compatibilityVersion = "Xcode 9.3";
			developmentRegion = en;
			hasScannedForEncodings = 0;
			knownRegions = (
				en,
				Base,
			);
			mainGroup = 0855BE302516AC7D00EEE26E;
			productRefGroup = 0855BE3A2516AC7D00EEE26E /* Products */;
			projectDirPath = "";
			projectRoot = "";
			targets = (
				0855BE382516AC7D00EEE26E /* Lab3 */,
			);
		};
/* End PBXProject section */

/* Begin PBXResourcesBuildPhase section */
		0855BE372516AC7D00EEE26E /* Resources */ = {
			isa = PBXResourcesBuildPhase;
			buildActionMask = 2147483647;
			files = (
				0855BE492516AC8200EEE26E /* LaunchScreen.storyboard in Resources */,
				0855BE462516AC8200EEE26E /* Assets.xcassets in Resources */,
				0855BE442516AC7D00EEE26E /* Main.storyboard in Resources */,
			);
			runOnlyForDeploymentPostprocessing = 0;
		};
/* End PBXResourcesBuildPhase section */

/* Begin PBXSourcesBuildPhase section */
		0855BE352516AC7D00EEE26E /* Sources */ = {
			isa = PBXSourcesBuildPhase;
			buildActionMask = 2147483647;
			files = (
				0855BE412516AC7D00EEE26E /* ViewController.swift in Sources */,
				0855BE3D2516AC7D00EEE26E /* AppDelegate.swift in Sources */,
				0855BE522516E65700EEE26E /* movieDictionary.swift in Sources */,
				0855BE3F2516AC7D00EEE26E /* SceneDelegate.swift in Sources */,
				0855BE542516E67A00EEE26E /* movieInfo.swift in Sources */,
			);
			runOnlyForDeploymentPostprocessing = 0;
		};
/* End PBXSourcesBuildPhase section */

/* Begin PBXVariantGroup section */
		0855BE422516AC7D00EEE26E /* Main.storyboard */ = {
			isa = PBXVariantGroup;
			children = (
				0855BE432516AC7D00EEE26E /* Base */,
			);
			name = Main.storyboard;
			sourceTree = "<group>";
		};
		0855BE472516AC8200EEE26E /* LaunchScreen.storyboard */ = {
			isa = PBXVariantGroup;
			children = (
				0855BE482516AC8200EEE26E /* Base */,
			);
			name = LaunchScreen.storyboard;
			sourceTree = "<group>";
		};
/* End PBXVariantGroup section */

/* Begin XCBuildConfiguration section */
		0855BE4B2516AC8200EEE26E /* Debug */ = {
			isa = XCBuildConfiguration;
			buildSettings = {
				ALWAYS_SEARCH_USER_PATHS = NO;
				CLANG_ANALYZER_NONNULL = YES;
				CLANG_ANALYZER_NUMBER_OBJECT_CONVERSION = YES_AGGRESSIVE;
				CLANG_CXX_LANGUAGE_STANDARD = "gnu++14";
				CLANG_CXX_LIBRARY = "libc++";
				CLANG_ENABLE_MODULES = YES;
				CLANG_ENABLE_OBJC_ARC = YES;
				CLANG_ENABLE_OBJC_WEAK = YES;
				CLANG_WARN_BLOCK_CAPTURE_AUTORELEASING = YES;
				CLANG_WARN_BOOL_CONVERSION = YES;
				CLANG_WARN_COMMA = YES;
				CLANG_WARN_CONSTANT_CONVERSION = YES;
				CLANG_WARN_DEPRECATED_OBJC_IMPLEMENTATIONS = YES;
				CLANG_WARN_DIRECT_OBJC_ISA_USAGE = YES_ERROR;
				CLANG_WARN_DOCUMENTATION_COMMENTS = YES;
				CLANG_WARN_EMPTY_BODY = YES;
				CLANG_WARN_ENUM_CONVERSION = YES;
				CLANG_WARN_INFINITE_RECURSION = YES;
				CLANG_WARN_INT_CONVERSION = YES;
				CLANG_WARN_NON_LITERAL_NULL_CONVERSION = YES;
				CLANG_WARN_OBJC_IMPLICIT_RETAIN_SELF = YES;
				CLANG_WARN_OBJC_LITERAL_CONVERSION = YES;
				CLANG_WARN_OBJC_ROOT_CLASS = YES_ERROR;
				CLANG_WARN_RANGE_LOOP_ANALYSIS = YES;
				CLANG_WARN_STRICT_PROTOTYPES = YES;
				CLANG_WARN_SUSPICIOUS_MOVE = YES;
				CLANG_WARN_UNGUARDED_AVAILABILITY = YES_AGGRESSIVE;
				CLANG_WARN_UNREACHABLE_CODE = YES;
				CLANG_WARN__DUPLICATE_METHOD_MATCH = YES;
				COPY_PHASE_STRIP = NO;
				DEBUG_INFORMATION_FORMAT = dwarf;
				ENABLE_STRICT_OBJC_MSGSEND = YES;
				ENABLE_TESTABILITY = YES;
				GCC_C_LANGUAGE_STANDARD = gnu11;
				GCC_DYNAMIC_NO_PIC = NO;
				GCC_NO_COMMON_BLOCKS = YES;
				GCC_OPTIMIZATION_LEVEL = 0;
				GCC_PREPROCESSOR_DEFINITIONS = (
					"DEBUG=1",
					"$(inherited)",
				);
				GCC_WARN_64_TO_32_BIT_CONVERSION = YES;
				GCC_WARN_ABOUT_RETURN_TYPE = YES_ERROR;
				GCC_WARN_UNDECLARED_SELECTOR = YES;
				GCC_WARN_UNINITIALIZED_AUTOS = YES_AGGRESSIVE;
				GCC_WARN_UNUSED_FUNCTION = YES;
				GCC_WARN_UNUSED_VARIABLE = YES;
				IPHONEOS_DEPLOYMENT_TARGET = 13.6;
				MTL_ENABLE_DEBUG_INFO = INCLUDE_SOURCE;
				MTL_FAST_MATH = YES;
				ONLY_ACTIVE_ARCH = YES;
				SDKROOT = iphoneos;
				SWIFT_ACTIVE_COMPILATION_CONDITIONS = DEBUG;
				SWIFT_OPTIMIZATION_LEVEL = "-Onone";
			};
			name = Debug;
		};
		0855BE4C2516AC8200EEE26E /* Release */ = {
			isa = XCBuildConfiguration;
			buildSettings = {
				ALWAYS_SEARCH_USER_PATHS = NO;
				CLANG_ANALYZER_NONNULL = YES;
				CLANG_ANALYZER_NUMBER_OBJECT_CONVERSION = YES_AGGRESSIVE;
				CLANG_CXX_LANGUAGE_STANDARD = "gnu++14";
				CLANG_CXX_LIBRARY = "libc++";
				CLANG_ENABLE_MODULES = YES;
				CLANG_ENABLE_OBJC_ARC = YES;
				CLANG_ENABLE_OBJC_WEAK = YES;
				CLANG_WARN_BLOCK_CAPTURE_AUTORELEASING = YES;
				CLANG_WARN_BOOL_CONVERSION = YES;
				CLANG_WARN_COMMA = YES;
				CLANG_WARN_CONSTANT_CONVERSION = YES;
				CLANG_WARN_DEPRECATED_OBJC_IMPLEMENTATIONS = YES;
				CLANG_WARN_DIRECT_OBJC_ISA_USAGE = YES_ERROR;
				CLANG_WARN_DOCUMENTATION_COMMENTS = YES;
				CLANG_WARN_EMPTY_BODY = YES;
				CLANG_WARN_ENUM_CONVERSION = YES;
				CLANG_WARN_INFINITE_RECURSION = YES;
				CLANG_WARN_INT_CONVERSION = YES;
				CLANG_WARN_NON_LITERAL_NULL_CONVERSION = YES;
				CLANG_WARN_OBJC_IMPLICIT_RETAIN_SELF = YES;
				CLANG_WARN_OBJC_LITERAL_CONVERSION = YES;
				CLANG_WARN_OBJC_ROOT_CLASS = YES_ERROR;
				CLANG_WARN_RANGE_LOOP_ANALYSIS = YES;
				CLANG_WARN_STRICT_PROTOTYPES = YES;
				CLANG_WARN_SUSPICIOUS_MOVE = YES;
				CLANG_WARN_UNGUARDED_AVAILABILITY = YES_AGGRESSIVE;
				CLANG_WARN_UNREACHABLE_CODE = YES;
				CLANG_WARN__DUPLICATE_METHOD_MATCH = YES;
				COPY_PHASE_STRIP = NO;
				DEBUG_INFORMATION_FORMAT = "dwarf-with-dsym";
				ENABLE_NS_ASSERTIONS = NO;
				ENABLE_STRICT_OBJC_MSGSEND = YES;
				GCC_C_LANGUAGE_STANDARD = gnu11;
				GCC_NO_COMMON_BLOCKS = YES;
				GCC_WARN_64_TO_32_BIT_CONVERSION = YES;
				GCC_WARN_ABOUT_RETURN_TYPE = YES_ERROR;
				GCC_WARN_UNDECLARED_SELECTOR = YES;
				GCC_WARN_UNINITIALIZED_AUTOS = YES_AGGRESSIVE;
				GCC_WARN_UNUSED_FUNCTION = YES;
				GCC_WARN_UNUSED_VARIABLE = YES;
				IPHONEOS_DEPLOYMENT_TARGET = 13.6;
				MTL_ENABLE_DEBUG_INFO = NO;
				MTL_FAST_MATH = YES;
				SDKROOT = iphoneos;
				SWIFT_COMPILATION_MODE = wholemodule;
				SWIFT_OPTIMIZATION_LEVEL = "-O";
				VALIDATE_PRODUCT = YES;
			};
			name = Release;
		};
		0855BE4E2516AC8200EEE26E /* Debug */ = {
			isa = XCBuildConfiguration;
			buildSettings = {
				ASSETCATALOG_COMPILER_APPICON_NAME = AppIcon;
				CODE_SIGN_STYLE = Automatic;
				INFOPLIST_FILE = Lab3/Info.plist;
				LD_RUNPATH_SEARCH_PATHS = (
					"$(inherited)",
					"@executable_path/Frameworks",
				);
				PRODUCT_BUNDLE_IDENTIFIER = asu.Lab3;
				PRODUCT_NAME = "$(TARGET_NAME)";
				SWIFT_VERSION = 5.0;
				TARGETED_DEVICE_FAMILY = "1,2";
			};
			name = Debug;
		};
		0855BE4F2516AC8200EEE26E /* Release */ = {
			isa = XCBuildConfiguration;
			buildSettings = {
				ASSETCATALOG_COMPILER_APPICON_NAME = AppIcon;
				CODE_SIGN_STYLE = Automatic;
				INFOPLIST_FILE = Lab3/Info.plist;
				LD_RUNPATH_SEARCH_PATHS = (
					"$(inherited)",
					"@executable_path/Frameworks",
				);
				PRODUCT_BUNDLE_IDENTIFIER = asu.Lab3;
				PRODUCT_NAME = "$(TARGET_NAME)";
				SWIFT_VERSION = 5.0;
				TARGETED_DEVICE_FAMILY = "1,2";
			};
			name = Release;
		};
/* End XCBuildConfiguration section */

/* Begin XCConfigurationList section */
		0855BE342516AC7D00EEE26E /* Build configuration list for PBXProject "Lab3" */ = {
			isa = XCConfigurationList;
			buildConfigurations = (
				0855BE4B2516AC8200EEE26E /* Debug */,
				0855BE4C2516AC8200EEE26E /* Release */,
			);
			defaultConfigurationIsVisible = 0;
			defaultConfigurationName = Release;
		};
		0855BE4D2516AC8200EEE26E /* Build configuration list for PBXNativeTarget "Lab3" */ = {
			isa = XCConfigurationList;
			buildConfigurations = (
				0855BE4E2516AC8200EEE26E /* Debug */,
				0855BE4F2516AC8200EEE26E /* Release */,
			);
			defaultConfigurationIsVisible = 0;
			defaultConfigurationName = Release;
		};
/* End XCConfigurationList section */
	};
	rootObject = 0855BE312516AC7D00EEE26E /* Project object */;
}
